// !$*UTF8*$!
{
	archiveVersion = 1;
	classes = {
	};
	objectVersion = 77;
	objects = {

/* Begin PBXContainerItemProxy section */
		172413F92E72A9F00019A46E /* PBXContainerItemProxy */ = {
			isa = PBXContainerItemProxy;
			containerPortal = 172413DF2E72A9EF0019A46E /* Project object */;
			proxyType = 1;
			remoteGlobalIDString = 172413E62E72A9EF0019A46E;
			remoteInfo = TravelTracker;
		};
		172414032E72A9F00019A46E /* PBXContainerItemProxy */ = {
			isa = PBXContainerItemProxy;
			containerPortal = 172413DF2E72A9EF0019A46E /* Project object */;
			proxyType = 1;
			remoteGlobalIDString = 172413E62E72A9EF0019A46E;
			remoteInfo = TravelTracker;
		};
/* End PBXContainerItemProxy section */

/* Begin PBXFileReference section */
		172413E72E72A9EF0019A46E /* TravelTracker.app */ = {isa = PBXFileReference; explicitFileType = wrapper.application; includeInIndex = 0; path = TravelTracker.app; sourceTree = BUILT_PRODUCTS_DIR; };
		172413F82E72A9F00019A46E /* TravelTrackerTests.xctest */ = {isa = PBXFileReference; explicitFileType = wrapper.cfbundle; includeInIndex = 0; path = TravelTrackerTests.xctest; sourceTree = BUILT_PRODUCTS_DIR; };
		172414022E72A9F00019A46E /* TravelTrackerUITests.xctest */ = {isa = PBXFileReference; explicitFileType = wrapper.cfbundle; includeInIndex = 0; path = TravelTrackerUITests.xctest; sourceTree = BUILT_PRODUCTS_DIR; };
/* End PBXFileReference section */

/* Begin PBXFileSystemSynchronizedRootGroup section */
		172413E92E72A9EF0019A46E /* TravelTracker */ = {
			isa = PBXFileSystemSynchronizedRootGroup;
			path = TravelTracker;
			sourceTree = "<group>";
		};
		172413FB2E72A9F00019A46E /* TravelTrackerTests */ = {
			isa = PBXFileSystemSynchronizedRootGroup;
			path = TravelTrackerTests;
			sourceTree = "<group>";
		};
		172414052E72A9F00019A46E /* TravelTrackerUITests */ = {
			isa = PBXFileSystemSynchronizedRootGroup;
			path = TravelTrackerUITests;
			sourceTree = "<group>";
		};
		172414152E72ACE00019A46E /* CoreUI */ = {
			isa = PBXFileSystemSynchronizedRootGroup;
			path = CoreUI;
			sourceTree = "<group>";
		};
		172414192E72AD000019A46E /* Features */ = {
			isa = PBXFileSystemSynchronizedRootGroup;
			path = Features;
			sourceTree = "<group>";
		};
		1724143C2E72BB230019A46E /* Resources */ = {
			isa = PBXFileSystemSynchronizedRootGroup;
			path = Resources;
			sourceTree = "<group>";
		};
/* End PBXFileSystemSynchronizedRootGroup section */

/* Begin PBXFrameworksBuildPhase section */
		172413E42E72A9EF0019A46E /* Frameworks */ = {
			isa = PBXFrameworksBuildPhase;
			buildActionMask = 2147483647;
			files = (
			);
			runOnlyForDeploymentPostprocessing = 0;
		};
		172413F52E72A9F00019A46E /* Frameworks */ = {
			isa = PBXFrameworksBuildPhase;
			buildActionMask = 2147483647;
			files = (
			);
			runOnlyForDeploymentPostprocessing = 0;
		};
		172413FF2E72A9F00019A46E /* Frameworks */ = {
			isa = PBXFrameworksBuildPhase;
			buildActionMask = 2147483647;
			files = (
			);
			runOnlyForDeploymentPostprocessing = 0;
		};
/* End PBXFrameworksBuildPhase section */

/* Begin PBXGroup section */
		172413DE2E72A9EF0019A46E = {
			isa = PBXGroup;
			children = (
				1724143C2E72BB230019A46E /* Resources */,
				172414192E72AD000019A46E /* Features */,
				172414152E72ACE00019A46E /* CoreUI */,
				172413E92E72A9EF0019A46E /* TravelTracker */,
				172413FB2E72A9F00019A46E /* TravelTrackerTests */,
				172414052E72A9F00019A46E /* TravelTrackerUITests */,
				172413E82E72A9EF0019A46E /* Products */,
			);
			sourceTree = "<group>";
		};
		172413E82E72A9EF0019A46E /* Products */ = {
			isa = PBXGroup;
			children = (
				172413E72E72A9EF0019A46E /* TravelTracker.app */,
				172413F82E72A9F00019A46E /* TravelTrackerTests.xctest */,
				172414022E72A9F00019A46E /* TravelTrackerUITests.xctest */,
			);
			name = Products;
			sourceTree = "<group>";
		};
/* End PBXGroup section */

/* Begin PBXNativeTarget section */
		172413E62E72A9EF0019A46E /* TravelTracker */ = {
			isa = PBXNativeTarget;
			buildConfigurationList = 1724140C2E72A9F00019A46E /* Build configuration list for PBXNativeTarget "TravelTracker" */;
			buildPhases = (
				172413E32E72A9EF0019A46E /* Sources */,
				172413E42E72A9EF0019A46E /* Frameworks */,
				172413E52E72A9EF0019A46E /* Resources */,
			);
			buildRules = (
			);
			dependencies = (
			);
			fileSystemSynchronizedGroups = (
				172413E92E72A9EF0019A46E /* TravelTracker */,
				172414152E72ACE00019A46E /* CoreUI */,
				172414192E72AD000019A46E /* Features */,
				1724143C2E72BB230019A46E /* Resources */,
			);
			name = TravelTracker;
			packageProductDependencies = (
			);
			productName = TravelTracker;
			productReference = 172413E72E72A9EF0019A46E /* TravelTracker.app */;
			productType = "com.apple.product-type.application";
		};
		172413F72E72A9F00019A46E /* TravelTrackerTests */ = {
			isa = PBXNativeTarget;
			buildConfigurationList = 1724140F2E72A9F00019A46E /* Build configuration list for PBXNativeTarget "TravelTrackerTests" */;
			buildPhases = (
				172413F42E72A9F00019A46E /* Sources */,
				172413F52E72A9F00019A46E /* Frameworks */,
				172413F62E72A9F00019A46E /* Resources */,
			);
			buildRules = (
			);
			dependencies = (
				172413FA2E72A9F00019A46E /* PBXTargetDependency */,
			);
			fileSystemSynchronizedGroups = (
				172413FB2E72A9F00019A46E /* TravelTrackerTests */,
			);
			name = TravelTrackerTests;
			packageProductDependencies = (
			);
			productName = TravelTrackerTests;
			productReference = 172413F82E72A9F00019A46E /* TravelTrackerTests.xctest */;
			productType = "com.apple.product-type.bundle.unit-test";
		};
		172414012E72A9F00019A46E /* TravelTrackerUITests */ = {
			isa = PBXNativeTarget;
			buildConfigurationList = 172414122E72A9F00019A46E /* Build configuration list for PBXNativeTarget "TravelTrackerUITests" */;
			buildPhases = (
				172413FE2E72A9F00019A46E /* Sources */,
				172413FF2E72A9F00019A46E /* Frameworks */,
				172414002E72A9F00019A46E /* Resources */,
			);
			buildRules = (
			);
			dependencies = (
				172414042E72A9F00019A46E /* PBXTargetDependency */,
			);
			fileSystemSynchronizedGroups = (
				172414052E72A9F00019A46E /* TravelTrackerUITests */,
			);
			name = TravelTrackerUITests;
			packageProductDependencies = (
			);
			productName = TravelTrackerUITests;
			productReference = 172414022E72A9F00019A46E /* TravelTrackerUITests.xctest */;
			productType = "com.apple.product-type.bundle.ui-testing";
		};
/* End PBXNativeTarget section */

/* Begin PBXProject section */
		172413DF2E72A9EF0019A46E /* Project object */ = {
			isa = PBXProject;
			attributes = {
				BuildIndependentTargetsInParallel = 1;
				LastSwiftUpdateCheck = 1600;
				LastUpgradeCheck = 1600;
				TargetAttributes = {
					172413E62E72A9EF0019A46E = {
						CreatedOnToolsVersion = 16.0;
					};
					172413F72E72A9F00019A46E = {
						CreatedOnToolsVersion = 16.0;
						TestTargetID = 172413E62E72A9EF0019A46E;
					};
					172414012E72A9F00019A46E = {
						CreatedOnToolsVersion = 16.0;
						TestTargetID = 172413E62E72A9EF0019A46E;
					};
				};
			};
			buildConfigurationList = 172413E22E72A9EF0019A46E /* Build configuration list for PBXProject "TravelTracker" */;
			developmentRegion = en;
			hasScannedForEncodings = 0;
			knownRegions = (
				en,
				Base,
				ru,
			);
			mainGroup = 172413DE2E72A9EF0019A46E;
			minimizedProjectReferenceProxies = 1;
			preferredProjectObjectVersion = 77;
			productRefGroup = 172413E82E72A9EF0019A46E /* Products */;
			projectDirPath = "";
			projectRoot = "";
			targets = (
				172413E62E72A9EF0019A46E /* TravelTracker */,
				172413F72E72A9F00019A46E /* TravelTrackerTests */,
				172414012E72A9F00019A46E /* TravelTrackerUITests */,
			);
		};
/* End PBXProject section */

/* Begin PBXResourcesBuildPhase section */
		172413E52E72A9EF0019A46E /* Resources */ = {
			isa = PBXResourcesBuildPhase;
			buildActionMask = 2147483647;
			files = (
			);
			runOnlyForDeploymentPostprocessing = 0;
		};
		172413F62E72A9F00019A46E /* Resources */ = {
			isa = PBXResourcesBuildPhase;
			buildActionMask = 2147483647;
			files = (
			);
			runOnlyForDeploymentPostprocessing = 0;
		};
		172414002E72A9F00019A46E /* Resources */ = {
			isa = PBXResourcesBuildPhase;
			buildActionMask = 2147483647;
			files = (
			);
			runOnlyForDeploymentPostprocessing = 0;
		};
/* End PBXResourcesBuildPhase section */

/* Begin PBXSourcesBuildPhase section */
		172413E32E72A9EF0019A46E /* Sources */ = {
			isa = PBXSourcesBuildPhase;
			buildActionMask = 2147483647;
			files = (
			);
			runOnlyForDeploymentPostprocessing = 0;
		};
		172413F42E72A9F00019A46E /* Sources */ = {
			isa = PBXSourcesBuildPhase;
			buildActionMask = 2147483647;
			files = (
			);
			runOnlyForDeploymentPostprocessing = 0;
		};
		172413FE2E72A9F00019A46E /* Sources */ = {
			isa = PBXSourcesBuildPhase;
			buildActionMask = 2147483647;
			files = (
			);
			runOnlyForDeploymentPostprocessing = 0;
		};
/* End PBXSourcesBuildPhase section */

/* Begin PBXTargetDependency section */
		172413FA2E72A9F00019A46E /* PBXTargetDependency */ = {
			isa = PBXTargetDependency;
			target = 172413E62E72A9EF0019A46E /* TravelTracker */;
			targetProxy = 172413F92E72A9F00019A46E /* PBXContainerItemProxy */;
		};
		172414042E72A9F00019A46E /* PBXTargetDependency */ = {
			isa = PBXTargetDependency;
			target = 172413E62E72A9EF0019A46E /* TravelTracker */;
			targetProxy = 172414032E72A9F00019A46E /* PBXContainerItemProxy */;
		};
/* End PBXTargetDependency section */

/* Begin XCBuildConfiguration section */
		1724140A2E72A9F00019A46E /* Debug */ = {
			isa = XCBuildConfiguration;
			buildSettings = {
				ALWAYS_SEARCH_USER_PATHS = NO;
				ASSETCATALOG_COMPILER_GENERATE_SWIFT_ASSET_SYMBOL_EXTENSIONS = YES;
				CLANG_ANALYZER_LOCALIZABILITY_NONLOCALIZED = YES;
				CLANG_ANALYZER_NONNULL = YES;
				CLANG_ANALYZER_NUMBER_OBJECT_CONVERSION = YES_AGGRESSIVE;
				CLANG_CXX_LANGUAGE_STANDARD = "gnu++20";
				CLANG_ENABLE_MODULES = YES;
				CLANG_ENABLE_OBJC_ARC = YES;
				CLANG_ENABLE_OBJC_WEAK = YES;
				CLANG_WARN_BLOCK_CAPTURE_AUTORELEASING = YES;
				CLANG_WARN_BOOL_CONVERSION = YES;
				CLANG_WARN_COMMA = YES;
				CLANG_WARN_CONSTANT_CONVERSION = YES;
				CLANG_WARN_DEPRECATED_OBJC_IMPLEMENTATIONS = YES;
				CLANG_WARN_DIRECT_OBJC_ISA_USAGE = YES_ERROR;
				CLANG_WARN_DOCUMENTATION_COMMENTS = YES;
				CLANG_WARN_EMPTY_BODY = YES;
				CLANG_WARN_ENUM_CONVERSION = YES;
				CLANG_WARN_INFINITE_RECURSION = YES;
				CLANG_WARN_INT_CONVERSION = YES;
				CLANG_WARN_NON_LITERAL_NULL_CONVERSION = YES;
				CLANG_WARN_OBJC_IMPLICIT_RETAIN_SELF = YES;
				CLANG_WARN_OBJC_LITERAL_CONVERSION = YES;
				CLANG_WARN_OBJC_ROOT_CLASS = YES_ERROR;
				CLANG_WARN_QUOTED_INCLUDE_IN_FRAMEWORK_HEADER = YES;
				CLANG_WARN_RANGE_LOOP_ANALYSIS = YES;
				CLANG_WARN_STRICT_PROTOTYPES = YES;
				CLANG_WARN_SUSPICIOUS_MOVE = YES;
				CLANG_WARN_UNGUARDED_AVAILABILITY = YES_AGGRESSIVE;
				CLANG_WARN_UNREACHABLE_CODE = YES;
				CLANG_WARN__DUPLICATE_METHOD_MATCH = YES;
				COPY_PHASE_STRIP = NO;
				DEBUG_INFORMATION_FORMAT = dwarf;
				ENABLE_STRICT_OBJC_MSGSEND = YES;
				ENABLE_TESTABILITY = YES;
				ENABLE_USER_SCRIPT_SANDBOXING = YES;
				GCC_C_LANGUAGE_STANDARD = gnu17;
				GCC_DYNAMIC_NO_PIC = NO;
				GCC_NO_COMMON_BLOCKS = YES;
				GCC_OPTIMIZATION_LEVEL = 0;
				GCC_PREPROCESSOR_DEFINITIONS = (
					"DEBUG=1",
					"$(inherited)",
				);
				GCC_WARN_64_TO_32_BIT_CONVERSION = YES;
				GCC_WARN_ABOUT_RETURN_TYPE = YES_ERROR;
				GCC_WARN_UNDECLARED_SELECTOR = YES;
				GCC_WARN_UNINITIALIZED_AUTOS = YES_AGGRESSIVE;
				GCC_WARN_UNUSED_FUNCTION = YES;
				GCC_WARN_UNUSED_VARIABLE = YES;
				LOCALIZATION_PREFERS_STRING_CATALOGS = YES;
				MTL_ENABLE_DEBUG_INFO = INCLUDE_SOURCE;
				MTL_FAST_MATH = YES;
				ONLY_ACTIVE_ARCH = YES;
				SWIFT_ACTIVE_COMPILATION_CONDITIONS = "DEBUG $(inherited)";
				SWIFT_OPTIMIZATION_LEVEL = "-Onone";
			};
			name = Debug;
		};
		1724140B2E72A9F00019A46E /* Release */ = {
			isa = XCBuildConfiguration;
			buildSettings = {
				ALWAYS_SEARCH_USER_PATHS = NO;
				ASSETCATALOG_COMPILER_GENERATE_SWIFT_ASSET_SYMBOL_EXTENSIONS = YES;
				CLANG_ANALYZER_LOCALIZABILITY_NONLOCALIZED = YES;
				CLANG_ANALYZER_NONNULL = YES;
				CLANG_ANALYZER_NUMBER_OBJECT_CONVERSION = YES_AGGRESSIVE;
				CLANG_CXX_LANGUAGE_STANDARD = "gnu++20";
				CLANG_ENABLE_MODULES = YES;
				CLANG_ENABLE_OBJC_ARC = YES;
				CLANG_ENABLE_OBJC_WEAK = YES;
				CLANG_WARN_BLOCK_CAPTURE_AUTORELEASING = YES;
				CLANG_WARN_BOOL_CONVERSION = YES;
				CLANG_WARN_COMMA = YES;
				CLANG_WARN_CONSTANT_CONVERSION = YES;
				CLANG_WARN_DEPRECATED_OBJC_IMPLEMENTATIONS = YES;
				CLANG_WARN_DIRECT_OBJC_ISA_USAGE = YES_ERROR;
				CLANG_WARN_DOCUMENTATION_COMMENTS = YES;
				CLANG_WARN_EMPTY_BODY = YES;
				CLANG_WARN_ENUM_CONVERSION = YES;
				CLANG_WARN_INFINITE_RECURSION = YES;
				CLANG_WARN_INT_CONVERSION = YES;
				CLANG_WARN_NON_LITERAL_NULL_CONVERSION = YES;
				CLANG_WARN_OBJC_IMPLICIT_RETAIN_SELF = YES;
				CLANG_WARN_OBJC_LITERAL_CONVERSION = YES;
				CLANG_WARN_OBJC_ROOT_CLASS = YES_ERROR;
				CLANG_WARN_QUOTED_INCLUDE_IN_FRAMEWORK_HEADER = YES;
				CLANG_WARN_RANGE_LOOP_ANALYSIS = YES;
				CLANG_WARN_STRICT_PROTOTYPES = YES;
				CLANG_WARN_SUSPICIOUS_MOVE = YES;
				CLANG_WARN_UNGUARDED_AVAILABILITY = YES_AGGRESSIVE;
				CLANG_WARN_UNREACHABLE_CODE = YES;
				CLANG_WARN__DUPLICATE_METHOD_MATCH = YES;
				COPY_PHASE_STRIP = NO;
				DEBUG_INFORMATION_FORMAT = "dwarf-with-dsym";
				ENABLE_NS_ASSERTIONS = NO;
				ENABLE_STRICT_OBJC_MSGSEND = YES;
				ENABLE_USER_SCRIPT_SANDBOXING = YES;
				GCC_C_LANGUAGE_STANDARD = gnu17;
				GCC_NO_COMMON_BLOCKS = YES;
				GCC_WARN_64_TO_32_BIT_CONVERSION = YES;
				GCC_WARN_ABOUT_RETURN_TYPE = YES_ERROR;
				GCC_WARN_UNDECLARED_SELECTOR = YES;
				GCC_WARN_UNINITIALIZED_AUTOS = YES_AGGRESSIVE;
				GCC_WARN_UNUSED_FUNCTION = YES;
				GCC_WARN_UNUSED_VARIABLE = YES;
				LOCALIZATION_PREFERS_STRING_CATALOGS = YES;
				MTL_ENABLE_DEBUG_INFO = NO;
				MTL_FAST_MATH = YES;
				SWIFT_COMPILATION_MODE = wholemodule;
			};
			name = Release;
		};
		1724140D2E72A9F00019A46E /* Debug */ = {
			isa = XCBuildConfiguration;
			buildSettings = {
				ASSETCATALOG_COMPILER_APPICON_NAME = AppIcon;
				ASSETCATALOG_COMPILER_GLOBAL_ACCENT_COLOR_NAME = AccentColor;
				CODE_SIGN_ENTITLEMENTS = TravelTracker/TravelTracker.entitlements;
				CODE_SIGN_STYLE = Automatic;
				CURRENT_PROJECT_VERSION = 1;
				DEVELOPMENT_ASSET_PATHS = "\"TravelTracker/Preview Content\"";
				ENABLE_PREVIEWS = YES;
				GENERATE_INFOPLIST_FILE = YES;
				"INFOPLIST_KEY_UIApplicationSceneManifest_Generation[sdk=iphoneos*]" = YES;
				"INFOPLIST_KEY_UIApplicationSceneManifest_Generation[sdk=iphonesimulator*]" = YES;
				"INFOPLIST_KEY_UIApplicationSupportsIndirectInputEvents[sdk=iphoneos*]" = YES;
				"INFOPLIST_KEY_UIApplicationSupportsIndirectInputEvents[sdk=iphonesimulator*]" = YES;
				"INFOPLIST_KEY_UILaunchScreen_Generation[sdk=iphoneos*]" = YES;
				"INFOPLIST_KEY_UILaunchScreen_Generation[sdk=iphonesimulator*]" = YES;
				"INFOPLIST_KEY_UIStatusBarStyle[sdk=iphoneos*]" = UIStatusBarStyleDefault;
				"INFOPLIST_KEY_UIStatusBarStyle[sdk=iphonesimulator*]" = UIStatusBarStyleDefault;
				INFOPLIST_KEY_UISupportedInterfaceOrientations_iPad = "UIInterfaceOrientationPortrait UIInterfaceOrientationPortraitUpsideDown UIInterfaceOrientationLandscapeLeft UIInterfaceOrientationLandscapeRight";
				INFOPLIST_KEY_UISupportedInterfaceOrientations_iPhone = "UIInterfaceOrientationPortrait UIInterfaceOrientationLandscapeLeft UIInterfaceOrientationLandscapeRight";
				IPHONEOS_DEPLOYMENT_TARGET = 18.0;
				LD_RUNPATH_SEARCH_PATHS = "@executable_path/Frameworks";
				"LD_RUNPATH_SEARCH_PATHS[sdk=macosx*]" = "@executable_path/../Frameworks";
				MACOSX_DEPLOYMENT_TARGET = 15.0;
				MARKETING_VERSION = 1.0;
				PRODUCT_BUNDLE_IDENTIFIER = ru.nikfirs.ios.TravelTracker;
				PRODUCT_NAME = "$(TARGET_NAME)";
				SDKROOT = auto;
				SUPPORTED_PLATFORMS = "iphoneos iphonesimulator macosx xros xrsimulator";
				SWIFT_EMIT_LOC_STRINGS = YES;
				SWIFT_VERSION = 5.0;
				TARGETED_DEVICE_FAMILY = "1,2,7";
				XROS_DEPLOYMENT_TARGET = 2.0;
			};
			name = Debug;
		};
		1724140E2E72A9F00019A46E /* Release */ = {
			isa = XCBuildConfiguration;
			buildSettings = {
				ASSETCATALOG_COMPILER_APPICON_NAME = AppIcon;
				ASSETCATALOG_COMPILER_GLOBAL_ACCENT_COLOR_NAME = AccentColor;
				CODE_SIGN_ENTITLEMENTS = TravelTracker/TravelTracker.entitlements;
				CODE_SIGN_STYLE = Automatic;
				CURRENT_PROJECT_VERSION = 1;
				DEVELOPMENT_ASSET_PATHS = "\"TravelTracker/Preview Content\"";
				ENABLE_PREVIEWS = YES;
				GENERATE_INFOPLIST_FILE = YES;
				"INFOPLIST_KEY_UIApplicationSceneManifest_Generation[sdk=iphoneos*]" = YES;
				"INFOPLIST_KEY_UIApplicationSceneManifest_Generation[sdk=iphonesimulator*]" = YES;
				"INFOPLIST_KEY_UIApplicationSupportsIndirectInputEvents[sdk=iphoneos*]" = YES;
				"INFOPLIST_KEY_UIApplicationSupportsIndirectInputEvents[sdk=iphonesimulator*]" = YES;
				"INFOPLIST_KEY_UILaunchScreen_Generation[sdk=iphoneos*]" = YES;
				"INFOPLIST_KEY_UILaunchScreen_Generation[sdk=iphonesimulator*]" = YES;
				"INFOPLIST_KEY_UIStatusBarStyle[sdk=iphoneos*]" = UIStatusBarStyleDefault;
				"INFOPLIST_KEY_UIStatusBarStyle[sdk=iphonesimulator*]" = UIStatusBarStyleDefault;
				INFOPLIST_KEY_UISupportedInterfaceOrientations_iPad = "UIInterfaceOrientationPortrait UIInterfaceOrientationPortraitUpsideDown UIInterfaceOrientationLandscapeLeft UIInterfaceOrientationLandscapeRight";
				INFOPLIST_KEY_UISupportedInterfaceOrientations_iPhone = "UIInterfaceOrientationPortrait UIInterfaceOrientationLandscapeLeft UIInterfaceOrientationLandscapeRight";
				IPHONEOS_DEPLOYMENT_TARGET = 18.0;
				LD_RUNPATH_SEARCH_PATHS = "@executable_path/Frameworks";
				"LD_RUNPATH_SEARCH_PATHS[sdk=macosx*]" = "@executable_path/../Frameworks";
				MACOSX_DEPLOYMENT_TARGET = 15.0;
				MARKETING_VERSION = 1.0;
				PRODUCT_BUNDLE_IDENTIFIER = ru.nikfirs.ios.TravelTracker;
				PRODUCT_NAME = "$(TARGET_NAME)";
				SDKROOT = auto;
				SUPPORTED_PLATFORMS = "iphoneos iphonesimulator macosx xros xrsimulator";
				SWIFT_EMIT_LOC_STRINGS = YES;
				SWIFT_VERSION = 5.0;
				TARGETED_DEVICE_FAMILY = "1,2,7";
				XROS_DEPLOYMENT_TARGET = 2.0;
			};
			name = Release;
		};
		172414102E72A9F00019A46E /* Debug */ = {
			isa = XCBuildConfiguration;
			buildSettings = {
				BUNDLE_LOADER = "$(TEST_HOST)";
				CODE_SIGN_STYLE = Automatic;
				CURRENT_PROJECT_VERSION = 1;
				GENERATE_INFOPLIST_FILE = YES;
				IPHONEOS_DEPLOYMENT_TARGET = 18.0;
				MACOSX_DEPLOYMENT_TARGET = 15.0;
				MARKETING_VERSION = 1.0;
				PRODUCT_BUNDLE_IDENTIFIER = ru.nikfirs.ios.TravelTrackerTests;
				PRODUCT_NAME = "$(TARGET_NAME)";
				SDKROOT = auto;
				SUPPORTED_PLATFORMS = "iphoneos iphonesimulator macosx xros xrsimulator";
				SWIFT_EMIT_LOC_STRINGS = NO;
				SWIFT_VERSION = 5.0;
				TARGETED_DEVICE_FAMILY = "1,2,7";
				TEST_HOST = "$(BUILT_PRODUCTS_DIR)/TravelTracker.app/$(BUNDLE_EXECUTABLE_FOLDER_PATH)/TravelTracker";
				XROS_DEPLOYMENT_TARGET = 2.0;
			};
			name = Debug;
		};
		172414112E72A9F00019A46E /* Release */ = {
			isa = XCBuildConfiguration;
			buildSettings = {
				BUNDLE_LOADER = "$(TEST_HOST)";
				CODE_SIGN_STYLE = Automatic;
				CURRENT_PROJECT_VERSION = 1;
				GENERATE_INFOPLIST_FILE = YES;
				IPHONEOS_DEPLOYMENT_TARGET = 18.0;
				MACOSX_DEPLOYMENT_TARGET = 15.0;
				MARKETING_VERSION = 1.0;
				PRODUCT_BUNDLE_IDENTIFIER = ru.nikfirs.ios.TravelTrackerTests;
				PRODUCT_NAME = "$(TARGET_NAME)";
				SDKROOT = auto;
				SUPPORTED_PLATFORMS = "iphoneos iphonesimulator macosx xros xrsimulator";
				SWIFT_EMIT_LOC_STRINGS = NO;
				SWIFT_VERSION = 5.0;
				TARGETED_DEVICE_FAMILY = "1,2,7";
				TEST_HOST = "$(BUILT_PRODUCTS_DIR)/TravelTracker.app/$(BUNDLE_EXECUTABLE_FOLDER_PATH)/TravelTracker";
				XROS_DEPLOYMENT_TARGET = 2.0;
			};
			name = Release;
		};
		172414132E72A9F00019A46E /* Debug */ = {
			isa = XCBuildConfiguration;
			buildSettings = {
				CODE_SIGN_STYLE = Automatic;
				CURRENT_PROJECT_VERSION = 1;
				GENERATE_INFOPLIST_FILE = YES;
				IPHONEOS_DEPLOYMENT_TARGET = 18.0;
				MACOSX_DEPLOYMENT_TARGET = 15.0;
				MARKETING_VERSION = 1.0;
				PRODUCT_BUNDLE_IDENTIFIER = ru.nikfirs.ios.TravelTrackerUITests;
				PRODUCT_NAME = "$(TARGET_NAME)";
				SDKROOT = auto;
				SUPPORTED_PLATFORMS = "iphoneos iphonesimulator macosx xros xrsimulator";
				SWIFT_EMIT_LOC_STRINGS = NO;
				SWIFT_VERSION = 5.0;
				TARGETED_DEVICE_FAMILY = "1,2,7";
				TEST_TARGET_NAME = TravelTracker;
				XROS_DEPLOYMENT_TARGET = 2.0;
			};
			name = Debug;
		};
		172414142E72A9F00019A46E /* Release */ = {
			isa = XCBuildConfiguration;
			buildSettings = {
				CODE_SIGN_STYLE = Automatic;
				CURRENT_PROJECT_VERSION = 1;
				GENERATE_INFOPLIST_FILE = YES;
				IPHONEOS_DEPLOYMENT_TARGET = 18.0;
				MACOSX_DEPLOYMENT_TARGET = 15.0;
				MARKETING_VERSION = 1.0;
				PRODUCT_BUNDLE_IDENTIFIER = ru.nikfirs.ios.TravelTrackerUITests;
				PRODUCT_NAME = "$(TARGET_NAME)";
				SDKROOT = auto;
				SUPPORTED_PLATFORMS = "iphoneos iphonesimulator macosx xros xrsimulator";
				SWIFT_EMIT_LOC_STRINGS = NO;
				SWIFT_VERSION = 5.0;
				TARGETED_DEVICE_FAMILY = "1,2,7";
				TEST_TARGET_NAME = TravelTracker;
				XROS_DEPLOYMENT_TARGET = 2.0;
			};
			name = Release;
		};
/* End XCBuildConfiguration section */

/* Begin XCConfigurationList section */
		172413E22E72A9EF0019A46E /* Build configuration list for PBXProject "TravelTracker" */ = {
			isa = XCConfigurationList;
			buildConfigurations = (
				1724140A2E72A9F00019A46E /* Debug */,
				1724140B2E72A9F00019A46E /* Release */,
			);
			defaultConfigurationIsVisible = 0;
			defaultConfigurationName = Release;
		};
		1724140C2E72A9F00019A46E /* Build configuration list for PBXNativeTarget "TravelTracker" */ = {
			isa = XCConfigurationList;
			buildConfigurations = (
				1724140D2E72A9F00019A46E /* Debug */,
				1724140E2E72A9F00019A46E /* Release */,
			);
			defaultConfigurationIsVisible = 0;
			defaultConfigurationName = Release;
		};
		1724140F2E72A9F00019A46E /* Build configuration list for PBXNativeTarget "TravelTrackerTests" */ = {
			isa = XCConfigurationList;
			buildConfigurations = (
				172414102E72A9F00019A46E /* Debug */,
				172414112E72A9F00019A46E /* Release */,
			);
			defaultConfigurationIsVisible = 0;
			defaultConfigurationName = Release;
		};
		172414122E72A9F00019A46E /* Build configuration list for PBXNativeTarget "TravelTrackerUITests" */ = {
			isa = XCConfigurationList;
			buildConfigurations = (
				172414132E72A9F00019A46E /* Debug */,
				172414142E72A9F00019A46E /* Release */,
			);
			defaultConfigurationIsVisible = 0;
			defaultConfigurationName = Release;
		};
/* End XCConfigurationList section */
	};
	rootObject = 172413DF2E72A9EF0019A46E /* Project object */;
}
